
Microsoft Visual Studio Solution File, Format Version 12.00
# Visual Studio Version 16
VisualStudioVersion = 16.0.29806.167
MinimumVisualStudioVersion = 10.0.40219.1
Project("{FAE04EC0-301F-11D3-BF4B-00C04F79EFBC}") = "Totalizator.Web", "Totalizator.Web\Totalizator.Web.csproj", "{64CCBDF1-3789-4D46-82C4-222E1E83717C}"
EndProject
Project("{FAE04EC0-301F-11D3-BF4B-00C04F79EFBC}") = "Totalizator.Business", "Totalizator.Business\Totalizator.Business.csproj", "{FB4A0815-22B9-4A15-B4EF-5D6B5E523491}"
EndProject
Project("{FAE04EC0-301F-11D3-BF4B-00C04F79EFBC}") = "Totalizator.Data", "Totalizator.Data\Totalizator.Data.csproj", "{C81347E2-7106-4768-8AC7-584E72B27076}"
EndProject
Global
	GlobalSection(SolutionConfigurationPlatforms) = preSolution
		Debug|Any CPU = Debug|Any CPU
		Release|Any CPU = Release|Any CPU
	EndGlobalSection
	GlobalSection(ProjectConfigurationPlatforms) = postSolution
		{64CCBDF1-3789-4D46-82C4-222E1E83717C}.Debug|Any CPU.ActiveCfg = Debug|Any CPU
		{64CCBDF1-3789-4D46-82C4-222E1E83717C}.Debug|Any CPU.Build.0 = Debug|Any CPU
		{64CCBDF1-3789-4D46-82C4-222E1E83717C}.Release|Any CPU.ActiveCfg = Release|Any CPU
		{64CCBDF1-3789-4D46-82C4-222E1E83717C}.Release|Any CPU.Build.0 = Release|Any CPU
		{FB4A0815-22B9-4A15-B4EF-5D6B5E523491}.Debug|Any CPU.ActiveCfg = Debug|Any CPU
		{FB4A0815-22B9-4A15-B4EF-5D6B5E523491}.Debug|Any CPU.Build.0 = Debug|Any CPU
		{FB4A0815-22B9-4A15-B4EF-5D6B5E523491}.Release|Any CPU.ActiveCfg = Release|Any CPU
		{FB4A0815-22B9-4A15-B4EF-5D6B5E523491}.Release|Any CPU.Build.0 = Release|Any CPU
		{C81347E2-7106-4768-8AC7-584E72B27076}.Debug|Any CPU.ActiveCfg = Debug|Any CPU
		{C81347E2-7106-4768-8AC7-584E72B27076}.Debug|Any CPU.Build.0 = Debug|Any CPU
		{C81347E2-7106-4768-8AC7-584E72B27076}.Release|Any CPU.ActiveCfg = Release|Any CPU
		{C81347E2-7106-4768-8AC7-584E72B27076}.Release|Any CPU.Build.0 = Release|Any CPU
	EndGlobalSection
	GlobalSection(SolutionProperties) = preSolution
		HideSolutionNode = FALSE
	EndGlobalSection
	GlobalSection(ExtensibilityGlobals) = postSolution
		SolutionGuid = {5707FB0A-E266-4542-AB81-BF75BAFFE63D}
	EndGlobalSection
EndGlobal
