
Microsoft Visual Studio Solution File, Format Version 12.00
# Visual Studio Version 16
VisualStudioVersion = 16.0.29324.140
MinimumVisualStudioVersion = 10.0.40219.1
Project("{FAE04EC0-301F-11D3-BF4B-00C04F79EFBC}") = "Module2_3", "Module2_3\Module2_3.csproj", "{D486C047-20D5-430E-BEE7-254C5974FD2D}"
EndProject
Project("{FAE04EC0-301F-11D3-BF4B-00C04F79EFBC}") = "Module2_2", "Module2_2\Module2_2.csproj", "{A994622D-ED52-4054-BEF6-0C7166EBE512}"
EndProject
Project("{FAE04EC0-301F-11D3-BF4B-00C04F79EFBC}") = "Module2_1", "Module2_1\Module2_1.csproj", "{765C983B-262C-4D9B-A100-42BAB5047EF7}"
EndProject
Project("{FAE04EC0-301F-11D3-BF4B-00C04F79EFBC}") = "Module2_4", "Module2_4\Module2_4.csproj", "{AF60B820-D793-45C4-AE6D-1A1D2AB350C3}"
EndProject
Global
	GlobalSection(SolutionConfigurationPlatforms) = preSolution
		Debug|Any CPU = Debug|Any CPU
		Release|Any CPU = Release|Any CPU
	EndGlobalSection
	GlobalSection(ProjectConfigurationPlatforms) = postSolution
		{D486C047-20D5-430E-BEE7-254C5974FD2D}.Debug|Any CPU.ActiveCfg = Debug|Any CPU
		{D486C047-20D5-430E-BEE7-254C5974FD2D}.Debug|Any CPU.Build.0 = Debug|Any CPU
		{D486C047-20D5-430E-BEE7-254C5974FD2D}.Release|Any CPU.ActiveCfg = Release|Any CPU
		{D486C047-20D5-430E-BEE7-254C5974FD2D}.Release|Any CPU.Build.0 = Release|Any CPU
		{A994622D-ED52-4054-BEF6-0C7166EBE512}.Debug|Any CPU.ActiveCfg = Debug|Any CPU
		{A994622D-ED52-4054-BEF6-0C7166EBE512}.Debug|Any CPU.Build.0 = Debug|Any CPU
		{A994622D-ED52-4054-BEF6-0C7166EBE512}.Release|Any CPU.ActiveCfg = Release|Any CPU
		{A994622D-ED52-4054-BEF6-0C7166EBE512}.Release|Any CPU.Build.0 = Release|Any CPU
		{765C983B-262C-4D9B-A100-42BAB5047EF7}.Debug|Any CPU.ActiveCfg = Debug|Any CPU
		{765C983B-262C-4D9B-A100-42BAB5047EF7}.Debug|Any CPU.Build.0 = Debug|Any CPU
		{765C983B-262C-4D9B-A100-42BAB5047EF7}.Release|Any CPU.ActiveCfg = Release|Any CPU
		{765C983B-262C-4D9B-A100-42BAB5047EF7}.Release|Any CPU.Build.0 = Release|Any CPU
		{AF60B820-D793-45C4-AE6D-1A1D2AB350C3}.Debug|Any CPU.ActiveCfg = Debug|Any CPU
		{AF60B820-D793-45C4-AE6D-1A1D2AB350C3}.Debug|Any CPU.Build.0 = Debug|Any CPU
		{AF60B820-D793-45C4-AE6D-1A1D2AB350C3}.Release|Any CPU.ActiveCfg = Release|Any CPU
		{AF60B820-D793-45C4-AE6D-1A1D2AB350C3}.Release|Any CPU.Build.0 = Release|Any CPU
	EndGlobalSection
	GlobalSection(SolutionProperties) = preSolution
		HideSolutionNode = FALSE
	EndGlobalSection
	GlobalSection(ExtensibilityGlobals) = postSolution
		SolutionGuid = {7BB924AF-8F4C-43D2-877F-CD6CB63DD008}
	EndGlobalSection
EndGlobal
